{
  "name": "blockly",
  "version": "1.0.0",
  "lockfileVersion": 1,
  "requires": true,
  "dependencies": {
    "google-closure-library": {
      "version": "20171203.0.0",
      "resolved": "https://registry.npmjs.org/google-closure-library/-/google-closure-library-20171203.0.0.tgz",
      "integrity": "sha1-50ZFFT4w8Wl/nRmbxbLMmYhPkuo="
    }
  }
}
