{
  "name": "blockly",
  "version": "1.0.0",
  "lockfileVersion": 1,
  "requires": true,
  "dependencies": {
    "google-closure-library": {
      "version": "20171203.0.0",
      "resolved": "https://registry.npmjs.org/google-closure-library/-/google-closure-library-20171203.0.0.tgz",
      "integrity": "sha1-50ZFFT4w8Wl/nRmbxbLMmYhPkuo="
    },
    "tsparser": {
      "version": "1.0.2",
      "resolved": "https://registry.npmjs.org/tsparser/-/tsparser-1.0.2.tgz",
      "integrity": "sha1-Oty2XVVULJ+npb77FYmU5uiQJ2I="
    }
  }
}
